
Microsoft Visual Studio Solution File, Format Version 12.00
# Visual Studio Version 16
VisualStudioVersion = 16.0.29102.190
MinimumVisualStudioVersion = 10.0.40219.1
Project("{FAE04EC0-301F-11D3-BF4B-00C04F79EFBC}") = "ConsoleApp1", "ConsoleApp1\ConsoleApp1.csproj", "{D176D678-1C07-44B2-9960-24914FA94849}"
EndProject
Global
	GlobalSection(SolutionConfigurationPlatforms) = preSolution
		Debug|Any CPU = Debug|Any CPU
		Release|Any CPU = Release|Any CPU
	EndGlobalSection
	GlobalSection(ProjectConfigurationPlatforms) = postSolution
		{D176D678-1C07-44B2-9960-24914FA94849}.Debug|Any CPU.ActiveCfg = Debug|Any CPU
		{D176D678-1C07-44B2-9960-24914FA94849}.Debug|Any CPU.Build.0 = Debug|Any CPU
		{D176D678-1C07-44B2-9960-24914FA94849}.Release|Any CPU.ActiveCfg = Release|Any CPU
		{D176D678-1C07-44B2-9960-24914FA94849}.Release|Any CPU.Build.0 = Release|Any CPU
	EndGlobalSection
	GlobalSection(SolutionProperties) = preSolution
		HideSolutionNode = FALSE
	EndGlobalSection
	GlobalSection(ExtensibilityGlobals) = postSolution
		SolutionGuid = {5F24D45A-1192-4111-8795-707469870C5C}
	EndGlobalSection
EndGlobal
